Microsoft Visual Studio Solution File, Format Version 12.00
# Visual Studio 16
Project("{2150E333-8FDC-42A3-9474-1A3956D46DE8}") = "CMakePredefinedTargets", "CMakePredefinedTargets", "{D105C58B-A147-39D3-B8D5-BB4544BBBA29}"
EndProject
Project("{2150E333-8FDC-42A3-9474-1A3956D46DE8}") = "External", "External", "{AD5A4F97-C9BD-3C83-93C9-BC2933B51E8A}"
EndProject
Project("{2150E333-8FDC-42A3-9474-1A3956D46DE8}") = "Internal", "Internal", "{34CA7BB7-F648-35E4-B26B-AC6AC06245EF}"
EndProject
Project("{2150E333-8FDC-42A3-9474-1A3956D46DE8}") = "Utils", "Utils", "{E0093B4F-B3DF-3F37-806A-EC55EBF27283}"
EndProject
Project("{8BC9CEB8-8B4A-11D0-8D11-00A0C91BC942}") = "ALL_BUILD", "ALL_BUILD.vcxproj", "{9423C1A1-14A3-3EB4-B616-578DECA6B729}"
	ProjectSection(ProjectDependencies) = postProject
		{414713C6-0FFC-3EC9-9293-D4C702EAEDFC} = {414713C6-0FFC-3EC9-9293-D4C702EAEDFC}
		{BC6BD091-1571-3B22-9C7E-8172966FC7D5} = {BC6BD091-1571-3B22-9C7E-8172966FC7D5}
		{0BB24E7D-4597-392E-B074-E85F461ABEA3} = {0BB24E7D-4597-392E-B074-E85F461ABEA3}
	EndProjectSection
EndProject
Project("{8BC9CEB8-8B4A-11D0-8D11-00A0C91BC942}") = "HelloCpp", "HelloCpp.vcxproj", "{414713C6-0FFC-3EC9-9293-D4C702EAEDFC}"
	ProjectSection(ProjectDependencies) = postProject
		{BC6BD091-1571-3B22-9C7E-8172966FC7D5} = {BC6BD091-1571-3B22-9C7E-8172966FC7D5}
		{0BB24E7D-4597-392E-B074-E85F461ABEA3} = {0BB24E7D-4597-392E-B074-E85F461ABEA3}
		{E14619E7-B3ED-378A-9334-582A21EA0466} = {E14619E7-B3ED-378A-9334-582A21EA0466}
		{14E565A1-7392-3CB6-A323-A7D7115FBECB} = {14E565A1-7392-3CB6-A323-A7D7115FBECB}
		{E885214F-8E9F-3A1D-BCBD-1B9EF8C6B201} = {E885214F-8E9F-3A1D-BCBD-1B9EF8C6B201}
		{314836D9-0AD2-38E0-9857-CBC3D8317BB0} = {314836D9-0AD2-38E0-9857-CBC3D8317BB0}
		{976EDB81-C9D8-3B31-8C24-297DB7380C53} = {976EDB81-C9D8-3B31-8C24-297DB7380C53}
		{8C0D6743-5E60-3F77-8962-7942C9FA13A9} = {8C0D6743-5E60-3F77-8962-7942C9FA13A9}
		{F6FCFBC6-A8DF-3BAF-96C0-022E3C5FFCC7} = {F6FCFBC6-A8DF-3BAF-96C0-022E3C5FFCC7}
		{7C514F71-B05C-368D-B479-2D009E37C488} = {7C514F71-B05C-368D-B479-2D009E37C488}
		{7DBFFE81-23B6-3DD6-ABC3-A99FB701E9CE} = {7DBFFE81-23B6-3DD6-ABC3-A99FB701E9CE}
		{20491C15-0DA2-3892-8D07-9919B30A79B7} = {20491C15-0DA2-3892-8D07-9919B30A79B7}
		{D4879B48-B24A-3F26-980B-C3215A578BF3} = {D4879B48-B24A-3F26-980B-C3215A578BF3}
		{37187B1A-7359-31C4-BB5D-4E6E028D820C} = {37187B1A-7359-31C4-BB5D-4E6E028D820C}
	EndProjectSection
EndProject
Project("{8BC9CEB8-8B4A-11D0-8D11-00A0C91BC942}") = "SYNC_RESOURCE-HelloCpp", "SYNC_RESOURCE-HelloCpp.vcxproj", "{BC6BD091-1571-3B22-9C7E-8172966FC7D5}"
	ProjectSection(ProjectDependencies) = postProject
		{0BB24E7D-4597-392E-B074-E85F461ABEA3} = {0BB24E7D-4597-392E-B074-E85F461ABEA3}
	EndProjectSection
EndProject
Project("{8BC9CEB8-8B4A-11D0-8D11-00A0C91BC942}") = "ZERO_CHECK", "..\..\..\\ZERO_CHECK.vcxproj", "{0BB24E7D-4597-392E-B074-E85F461ABEA3}"
	ProjectSection(ProjectDependencies) = postProject
	EndProjectSection
EndProject
Project("{8BC9CEB8-8B4A-11D0-8D11-00A0C91BC942}") = "cocos2d", "..\..\cocos\core\cocos2d.vcxproj", "{E14619E7-B3ED-378A-9334-582A21EA0466}"
	ProjectSection(ProjectDependencies) = postProject
		{0BB24E7D-4597-392E-B074-E85F461ABEA3} = {0BB24E7D-4597-392E-B074-E85F461ABEA3}
		{14E565A1-7392-3CB6-A323-A7D7115FBECB} = {14E565A1-7392-3CB6-A323-A7D7115FBECB}
		{E885214F-8E9F-3A1D-BCBD-1B9EF8C6B201} = {E885214F-8E9F-3A1D-BCBD-1B9EF8C6B201}
		{314836D9-0AD2-38E0-9857-CBC3D8317BB0} = {314836D9-0AD2-38E0-9857-CBC3D8317BB0}
		{976EDB81-C9D8-3B31-8C24-297DB7380C53} = {976EDB81-C9D8-3B31-8C24-297DB7380C53}
		{8C0D6743-5E60-3F77-8962-7942C9FA13A9} = {8C0D6743-5E60-3F77-8962-7942C9FA13A9}
		{F6FCFBC6-A8DF-3BAF-96C0-022E3C5FFCC7} = {F6FCFBC6-A8DF-3BAF-96C0-022E3C5FFCC7}
		{7C514F71-B05C-368D-B479-2D009E37C488} = {7C514F71-B05C-368D-B479-2D009E37C488}
		{7DBFFE81-23B6-3DD6-ABC3-A99FB701E9CE} = {7DBFFE81-23B6-3DD6-ABC3-A99FB701E9CE}
		{20491C15-0DA2-3892-8D07-9919B30A79B7} = {20491C15-0DA2-3892-8D07-9919B30A79B7}
		{D4879B48-B24A-3F26-980B-C3215A578BF3} = {D4879B48-B24A-3F26-980B-C3215A578BF3}
		{37187B1A-7359-31C4-BB5D-4E6E028D820C} = {37187B1A-7359-31C4-BB5D-4E6E028D820C}
	EndProjectSection
EndProject
Project("{8BC9CEB8-8B4A-11D0-8D11-00A0C91BC942}") = "ext_clipper", "..\..\external\clipper\ext_clipper.vcxproj", "{14E565A1-7392-3CB6-A323-A7D7115FBECB}"
	ProjectSection(ProjectDependencies) = postProject
		{0BB24E7D-4597-392E-B074-E85F461ABEA3} = {0BB24E7D-4597-392E-B074-E85F461ABEA3}
	EndProjectSection
EndProject
Project("{8BC9CEB8-8B4A-11D0-8D11-00A0C91BC942}") = "ext_convertUTF", "..\..\external\ConvertUTF\ext_convertUTF.vcxproj", "{E885214F-8E9F-3A1D-BCBD-1B9EF8C6B201}"
	ProjectSection(ProjectDependencies) = postProject
		{0BB24E7D-4597-392E-B074-E85F461ABEA3} = {0BB24E7D-4597-392E-B074-E85F461ABEA3}
	EndProjectSection
EndProject
Project("{8BC9CEB8-8B4A-11D0-8D11-00A0C91BC942}") = "ext_edtaa3func", "..\..\external\edtaa3func\ext_edtaa3func.vcxproj", "{314836D9-0AD2-38E0-9857-CBC3D8317BB0}"
	ProjectSection(ProjectDependencies) = postProject
		{0BB24E7D-4597-392E-B074-E85F461ABEA3} = {0BB24E7D-4597-392E-B074-E85F461ABEA3}
	EndProjectSection
EndProject
Project("{8BC9CEB8-8B4A-11D0-8D11-00A0C91BC942}") = "ext_md5", "..\..\external\md5\ext_md5.vcxproj", "{976EDB81-C9D8-3B31-8C24-297DB7380C53}"
	ProjectSection(ProjectDependencies) = postProject
		{0BB24E7D-4597-392E-B074-E85F461ABEA3} = {0BB24E7D-4597-392E-B074-E85F461ABEA3}
	EndProjectSection
EndProject
Project("{8BC9CEB8-8B4A-11D0-8D11-00A0C91BC942}") = "ext_poly2tri", "..\..\external\poly2tri\ext_poly2tri.vcxproj", "{8C0D6743-5E60-3F77-8962-7942C9FA13A9}"
	ProjectSection(ProjectDependencies) = postProject
		{0BB24E7D-4597-392E-B074-E85F461ABEA3} = {0BB24E7D-4597-392E-B074-E85F461ABEA3}
	EndProjectSection
EndProject
Project("{8BC9CEB8-8B4A-11D0-8D11-00A0C91BC942}") = "ext_recast", "..\..\external\recast\ext_recast.vcxproj", "{F6FCFBC6-A8DF-3BAF-96C0-022E3C5FFCC7}"
	ProjectSection(ProjectDependencies) = postProject
		{0BB24E7D-4597-392E-B074-E85F461ABEA3} = {0BB24E7D-4597-392E-B074-E85F461ABEA3}
	EndProjectSection
EndProject
Project("{8BC9CEB8-8B4A-11D0-8D11-00A0C91BC942}") = "ext_tinyxml2", "..\..\external\tinyxml2\ext_tinyxml2.vcxproj", "{7C514F71-B05C-368D-B479-2D009E37C488}"
	ProjectSection(ProjectDependencies) = postProject
		{0BB24E7D-4597-392E-B074-E85F461ABEA3} = {0BB24E7D-4597-392E-B074-E85F461ABEA3}
	EndProjectSection
EndProject
Project("{8BC9CEB8-8B4A-11D0-8D11-00A0C91BC942}") = "ext_unzip", "..\..\external\unzip\ext_unzip.vcxproj", "{7DBFFE81-23B6-3DD6-ABC3-A99FB701E9CE}"
	ProjectSection(ProjectDependencies) = postProject
		{0BB24E7D-4597-392E-B074-E85F461ABEA3} = {0BB24E7D-4597-392E-B074-E85F461ABEA3}
	EndProjectSection
EndProject
Project("{8BC9CEB8-8B4A-11D0-8D11-00A0C91BC942}") = "ext_xxhash", "..\..\external\xxhash\ext_xxhash.vcxproj", "{20491C15-0DA2-3892-8D07-9919B30A79B7}"
	ProjectSection(ProjectDependencies) = postProject
		{0BB24E7D-4597-392E-B074-E85F461ABEA3} = {0BB24E7D-4597-392E-B074-E85F461ABEA3}
	EndProjectSection
EndProject
Project("{8BC9CEB8-8B4A-11D0-8D11-00A0C91BC942}") = "ext_xxtea", "..\..\external\xxtea\ext_xxtea.vcxproj", "{D4879B48-B24A-3F26-980B-C3215A578BF3}"
	ProjectSection(ProjectDependencies) = postProject
		{0BB24E7D-4597-392E-B074-E85F461ABEA3} = {0BB24E7D-4597-392E-B074-E85F461ABEA3}
	EndProjectSection
EndProject
Project("{8BC9CEB8-8B4A-11D0-8D11-00A0C91BC942}") = "external", "..\..\external\external.vcxproj", "{37187B1A-7359-31C4-BB5D-4E6E028D820C}"
	ProjectSection(ProjectDependencies) = postProject
		{0BB24E7D-4597-392E-B074-E85F461ABEA3} = {0BB24E7D-4597-392E-B074-E85F461ABEA3}
		{14E565A1-7392-3CB6-A323-A7D7115FBECB} = {14E565A1-7392-3CB6-A323-A7D7115FBECB}
		{E885214F-8E9F-3A1D-BCBD-1B9EF8C6B201} = {E885214F-8E9F-3A1D-BCBD-1B9EF8C6B201}
		{314836D9-0AD2-38E0-9857-CBC3D8317BB0} = {314836D9-0AD2-38E0-9857-CBC3D8317BB0}
		{976EDB81-C9D8-3B31-8C24-297DB7380C53} = {976EDB81-C9D8-3B31-8C24-297DB7380C53}
		{8C0D6743-5E60-3F77-8962-7942C9FA13A9} = {8C0D6743-5E60-3F77-8962-7942C9FA13A9}
		{F6FCFBC6-A8DF-3BAF-96C0-022E3C5FFCC7} = {F6FCFBC6-A8DF-3BAF-96C0-022E3C5FFCC7}
		{7C514F71-B05C-368D-B479-2D009E37C488} = {7C514F71-B05C-368D-B479-2D009E37C488}
		{7DBFFE81-23B6-3DD6-ABC3-A99FB701E9CE} = {7DBFFE81-23B6-3DD6-ABC3-A99FB701E9CE}
		{20491C15-0DA2-3892-8D07-9919B30A79B7} = {20491C15-0DA2-3892-8D07-9919B30A79B7}
		{D4879B48-B24A-3F26-980B-C3215A578BF3} = {D4879B48-B24A-3F26-980B-C3215A578BF3}
	EndProjectSection
EndProject
Global
	GlobalSection(SolutionConfigurationPlatforms) = preSolution
		Debug|Win32 = Debug|Win32
		Release|Win32 = Release|Win32
		MinSizeRel|Win32 = MinSizeRel|Win32
		RelWithDebInfo|Win32 = RelWithDebInfo|Win32
	EndGlobalSection
	GlobalSection(ProjectConfigurationPlatforms) = postSolution
		{9423C1A1-14A3-3EB4-B616-578DECA6B729}.Debug|Win32.ActiveCfg = Debug|Win32
		{9423C1A1-14A3-3EB4-B616-578DECA6B729}.Release|Win32.ActiveCfg = Release|Win32
		{9423C1A1-14A3-3EB4-B616-578DECA6B729}.MinSizeRel|Win32.ActiveCfg = MinSizeRel|Win32
		{9423C1A1-14A3-3EB4-B616-578DECA6B729}.RelWithDebInfo|Win32.ActiveCfg = RelWithDebInfo|Win32
		{414713C6-0FFC-3EC9-9293-D4C702EAEDFC}.Debug|Win32.ActiveCfg = Debug|Win32
		{414713C6-0FFC-3EC9-9293-D4C702EAEDFC}.Debug|Win32.Build.0 = Debug|Win32
		{414713C6-0FFC-3EC9-9293-D4C702EAEDFC}.Release|Win32.ActiveCfg = Release|Win32
		{414713C6-0FFC-3EC9-9293-D4C702EAEDFC}.Release|Win32.Build.0 = Release|Win32
		{414713C6-0FFC-3EC9-9293-D4C702EAEDFC}.MinSizeRel|Win32.ActiveCfg = MinSizeRel|Win32
		{414713C6-0FFC-3EC9-9293-D4C702EAEDFC}.MinSizeRel|Win32.Build.0 = MinSizeRel|Win32
		{414713C6-0FFC-3EC9-9293-D4C702EAEDFC}.RelWithDebInfo|Win32.ActiveCfg = RelWithDebInfo|Win32
		{414713C6-0FFC-3EC9-9293-D4C702EAEDFC}.RelWithDebInfo|Win32.Build.0 = RelWithDebInfo|Win32
		{BC6BD091-1571-3B22-9C7E-8172966FC7D5}.Debug|Win32.ActiveCfg = Debug|Win32
		{BC6BD091-1571-3B22-9C7E-8172966FC7D5}.Debug|Win32.Build.0 = Debug|Win32
		{BC6BD091-1571-3B22-9C7E-8172966FC7D5}.Release|Win32.ActiveCfg = Release|Win32
		{BC6BD091-1571-3B22-9C7E-8172966FC7D5}.Release|Win32.Build.0 = Release|Win32
		{BC6BD091-1571-3B22-9C7E-8172966FC7D5}.MinSizeRel|Win32.ActiveCfg = MinSizeRel|Win32
		{BC6BD091-1571-3B22-9C7E-8172966FC7D5}.MinSizeRel|Win32.Build.0 = MinSizeRel|Win32
		{BC6BD091-1571-3B22-9C7E-8172966FC7D5}.RelWithDebInfo|Win32.ActiveCfg = RelWithDebInfo|Win32
		{BC6BD091-1571-3B22-9C7E-8172966FC7D5}.RelWithDebInfo|Win32.Build.0 = RelWithDebInfo|Win32
		{0BB24E7D-4597-392E-B074-E85F461ABEA3}.Debug|Win32.ActiveCfg = Debug|Win32
		{0BB24E7D-4597-392E-B074-E85F461ABEA3}.Debug|Win32.Build.0 = Debug|Win32
		{0BB24E7D-4597-392E-B074-E85F461ABEA3}.Release|Win32.ActiveCfg = Release|Win32
		{0BB24E7D-4597-392E-B074-E85F461ABEA3}.Release|Win32.Build.0 = Release|Win32
		{0BB24E7D-4597-392E-B074-E85F461ABEA3}.MinSizeRel|Win32.ActiveCfg = MinSizeRel|Win32
		{0BB24E7D-4597-392E-B074-E85F461ABEA3}.MinSizeRel|Win32.Build.0 = MinSizeRel|Win32
		{0BB24E7D-4597-392E-B074-E85F461ABEA3}.RelWithDebInfo|Win32.ActiveCfg = RelWithDebInfo|Win32
		{0BB24E7D-4597-392E-B074-E85F461ABEA3}.RelWithDebInfo|Win32.Build.0 = RelWithDebInfo|Win32
		{E14619E7-B3ED-378A-9334-582A21EA0466}.Debug|Win32.ActiveCfg = Debug|Win32
		{E14619E7-B3ED-378A-9334-582A21EA0466}.Debug|Win32.Build.0 = Debug|Win32
		{E14619E7-B3ED-378A-9334-582A21EA0466}.Release|Win32.ActiveCfg = Release|Win32
		{E14619E7-B3ED-378A-9334-582A21EA0466}.Release|Win32.Build.0 = Release|Win32
		{E14619E7-B3ED-378A-9334-582A21EA0466}.MinSizeRel|Win32.ActiveCfg = MinSizeRel|Win32
		{E14619E7-B3ED-378A-9334-582A21EA0466}.MinSizeRel|Win32.Build.0 = MinSizeRel|Win32
		{E14619E7-B3ED-378A-9334-582A21EA0466}.RelWithDebInfo|Win32.ActiveCfg = RelWithDebInfo|Win32
		{E14619E7-B3ED-378A-9334-582A21EA0466}.RelWithDebInfo|Win32.Build.0 = RelWithDebInfo|Win32
		{14E565A1-7392-3CB6-A323-A7D7115FBECB}.Debug|Win32.ActiveCfg = Debug|Win32
		{14E565A1-7392-3CB6-A323-A7D7115FBECB}.Debug|Win32.Build.0 = Debug|Win32
		{14E565A1-7392-3CB6-A323-A7D7115FBECB}.Release|Win32.ActiveCfg = Release|Win32
		{14E565A1-7392-3CB6-A323-A7D7115FBECB}.Release|Win32.Build.0 = Release|Win32
		{14E565A1-7392-3CB6-A323-A7D7115FBECB}.MinSizeRel|Win32.ActiveCfg = MinSizeRel|Win32
		{14E565A1-7392-3CB6-A323-A7D7115FBECB}.MinSizeRel|Win32.Build.0 = MinSizeRel|Win32
		{14E565A1-7392-3CB6-A323-A7D7115FBECB}.RelWithDebInfo|Win32.ActiveCfg = RelWithDebInfo|Win32
		{14E565A1-7392-3CB6-A323-A7D7115FBECB}.RelWithDebInfo|Win32.Build.0 = RelWithDebInfo|Win32
		{E885214F-8E9F-3A1D-BCBD-1B9EF8C6B201}.Debug|Win32.ActiveCfg = Debug|Win32
		{E885214F-8E9F-3A1D-BCBD-1B9EF8C6B201}.Debug|Win32.Build.0 = Debug|Win32
		{E885214F-8E9F-3A1D-BCBD-1B9EF8C6B201}.Release|Win32.ActiveCfg = Release|Win32
		{E885214F-8E9F-3A1D-BCBD-1B9EF8C6B201}.Release|Win32.Build.0 = Release|Win32
		{E885214F-8E9F-3A1D-BCBD-1B9EF8C6B201}.MinSizeRel|Win32.ActiveCfg = MinSizeRel|Win32
		{E885214F-8E9F-3A1D-BCBD-1B9EF8C6B201}.MinSizeRel|Win32.Build.0 = MinSizeRel|Win32
		{E885214F-8E9F-3A1D-BCBD-1B9EF8C6B201}.RelWithDebInfo|Win32.ActiveCfg = RelWithDebInfo|Win32
		{E885214F-8E9F-3A1D-BCBD-1B9EF8C6B201}.RelWithDebInfo|Win32.Build.0 = RelWithDebInfo|Win32
		{314836D9-0AD2-38E0-9857-CBC3D8317BB0}.Debug|Win32.ActiveCfg = Debug|Win32
		{314836D9-0AD2-38E0-9857-CBC3D8317BB0}.Debug|Win32.Build.0 = Debug|Win32
		{314836D9-0AD2-38E0-9857-CBC3D8317BB0}.Release|Win32.ActiveCfg = Release|Win32
		{314836D9-0AD2-38E0-9857-CBC3D8317BB0}.Release|Win32.Build.0 = Release|Win32
		{314836D9-0AD2-38E0-9857-CBC3D8317BB0}.MinSizeRel|Win32.ActiveCfg = MinSizeRel|Win32
		{314836D9-0AD2-38E0-9857-CBC3D8317BB0}.MinSizeRel|Win32.Build.0 = MinSizeRel|Win32
		{314836D9-0AD2-38E0-9857-CBC3D8317BB0}.RelWithDebInfo|Win32.ActiveCfg = RelWithDebInfo|Win32
		{314836D9-0AD2-38E0-9857-CBC3D8317BB0}.RelWithDebInfo|Win32.Build.0 = RelWithDebInfo|Win32
		{976EDB81-C9D8-3B31-8C24-297DB7380C53}.Debug|Win32.ActiveCfg = Debug|Win32
		{976EDB81-C9D8-3B31-8C24-297DB7380C53}.Debug|Win32.Build.0 = Debug|Win32
		{976EDB81-C9D8-3B31-8C24-297DB7380C53}.Release|Win32.ActiveCfg = Release|Win32
		{976EDB81-C9D8-3B31-8C24-297DB7380C53}.Release|Win32.Build.0 = Release|Win32
		{976EDB81-C9D8-3B31-8C24-297DB7380C53}.MinSizeRel|Win32.ActiveCfg = MinSizeRel|Win32
		{976EDB81-C9D8-3B31-8C24-297DB7380C53}.MinSizeRel|Win32.Build.0 = MinSizeRel|Win32
		{976EDB81-C9D8-3B31-8C24-297DB7380C53}.RelWithDebInfo|Win32.ActiveCfg = RelWithDebInfo|Win32
		{976EDB81-C9D8-3B31-8C24-297DB7380C53}.RelWithDebInfo|Win32.Build.0 = RelWithDebInfo|Win32
		{8C0D6743-5E60-3F77-8962-7942C9FA13A9}.Debug|Win32.ActiveCfg = Debug|Win32
		{8C0D6743-5E60-3F77-8962-7942C9FA13A9}.Debug|Win32.Build.0 = Debug|Win32
		{8C0D6743-5E60-3F77-8962-7942C9FA13A9}.Release|Win32.ActiveCfg = Release|Win32
		{8C0D6743-5E60-3F77-8962-7942C9FA13A9}.Release|Win32.Build.0 = Release|Win32
		{8C0D6743-5E60-3F77-8962-7942C9FA13A9}.MinSizeRel|Win32.ActiveCfg = MinSizeRel|Win32
		{8C0D6743-5E60-3F77-8962-7942C9FA13A9}.MinSizeRel|Win32.Build.0 = MinSizeRel|Win32
		{8C0D6743-5E60-3F77-8962-7942C9FA13A9}.RelWithDebInfo|Win32.ActiveCfg = RelWithDebInfo|Win32
		{8C0D6743-5E60-3F77-8962-7942C9FA13A9}.RelWithDebInfo|Win32.Build.0 = RelWithDebInfo|Win32
		{F6FCFBC6-A8DF-3BAF-96C0-022E3C5FFCC7}.Debug|Win32.ActiveCfg = Debug|Win32
		{F6FCFBC6-A8DF-3BAF-96C0-022E3C5FFCC7}.Debug|Win32.Build.0 = Debug|Win32
		{F6FCFBC6-A8DF-3BAF-96C0-022E3C5FFCC7}.Release|Win32.ActiveCfg = Release|Win32
		{F6FCFBC6-A8DF-3BAF-96C0-022E3C5FFCC7}.Release|Win32.Build.0 = Release|Win32
		{F6FCFBC6-A8DF-3BAF-96C0-022E3C5FFCC7}.MinSizeRel|Win32.ActiveCfg = MinSizeRel|Win32
		{F6FCFBC6-A8DF-3BAF-96C0-022E3C5FFCC7}.MinSizeRel|Win32.Build.0 = MinSizeRel|Win32
		{F6FCFBC6-A8DF-3BAF-96C0-022E3C5FFCC7}.RelWithDebInfo|Win32.ActiveCfg = RelWithDebInfo|Win32
		{F6FCFBC6-A8DF-3BAF-96C0-022E3C5FFCC7}.RelWithDebInfo|Win32.Build.0 = RelWithDebInfo|Win32
		{7C514F71-B05C-368D-B479-2D009E37C488}.Debug|Win32.ActiveCfg = Debug|Win32
		{7C514F71-B05C-368D-B479-2D009E37C488}.Debug|Win32.Build.0 = Debug|Win32
		{7C514F71-B05C-368D-B479-2D009E37C488}.Release|Win32.ActiveCfg = Release|Win32
		{7C514F71-B05C-368D-B479-2D009E37C488}.Release|Win32.Build.0 = Release|Win32
		{7C514F71-B05C-368D-B479-2D009E37C488}.MinSizeRel|Win32.ActiveCfg = MinSizeRel|Win32
		{7C514F71-B05C-368D-B479-2D009E37C488}.MinSizeRel|Win32.Build.0 = MinSizeRel|Win32
		{7C514F71-B05C-368D-B479-2D009E37C488}.RelWithDebInfo|Win32.ActiveCfg = RelWithDebInfo|Win32
		{7C514F71-B05C-368D-B479-2D009E37C488}.RelWithDebInfo|Win32.Build.0 = RelWithDebInfo|Win32
		{7DBFFE81-23B6-3DD6-ABC3-A99FB701E9CE}.Debug|Win32.ActiveCfg = Debug|Win32
		{7DBFFE81-23B6-3DD6-ABC3-A99FB701E9CE}.Debug|Win32.Build.0 = Debug|Win32
		{7DBFFE81-23B6-3DD6-ABC3-A99FB701E9CE}.Release|Win32.ActiveCfg = Release|Win32
		{7DBFFE81-23B6-3DD6-ABC3-A99FB701E9CE}.Release|Win32.Build.0 = Release|Win32
		{7DBFFE81-23B6-3DD6-ABC3-A99FB701E9CE}.MinSizeRel|Win32.ActiveCfg = MinSizeRel|Win32
		{7DBFFE81-23B6-3DD6-ABC3-A99FB701E9CE}.MinSizeRel|Win32.Build.0 = MinSizeRel|Win32
		{7DBFFE81-23B6-3DD6-ABC3-A99FB701E9CE}.RelWithDebInfo|Win32.ActiveCfg = RelWithDebInfo|Win32
		{7DBFFE81-23B6-3DD6-ABC3-A99FB701E9CE}.RelWithDebInfo|Win32.Build.0 = RelWithDebInfo|Win32
		{20491C15-0DA2-3892-8D07-9919B30A79B7}.Debug|Win32.ActiveCfg = Debug|Win32
		{20491C15-0DA2-3892-8D07-9919B30A79B7}.Debug|Win32.Build.0 = Debug|Win32
		{20491C15-0DA2-3892-8D07-9919B30A79B7}.Release|Win32.ActiveCfg = Release|Win32
		{20491C15-0DA2-3892-8D07-9919B30A79B7}.Release|Win32.Build.0 = Release|Win32
		{20491C15-0DA2-3892-8D07-9919B30A79B7}.MinSizeRel|Win32.ActiveCfg = MinSizeRel|Win32
		{20491C15-0DA2-3892-8D07-9919B30A79B7}.MinSizeRel|Win32.Build.0 = MinSizeRel|Win32
		{20491C15-0DA2-3892-8D07-9919B30A79B7}.RelWithDebInfo|Win32.ActiveCfg = RelWithDebInfo|Win32
		{20491C15-0DA2-3892-8D07-9919B30A79B7}.RelWithDebInfo|Win32.Build.0 = RelWithDebInfo|Win32
		{D4879B48-B24A-3F26-980B-C3215A578BF3}.Debug|Win32.ActiveCfg = Debug|Win32
		{D4879B48-B24A-3F26-980B-C3215A578BF3}.Debug|Win32.Build.0 = Debug|Win32
		{D4879B48-B24A-3F26-980B-C3215A578BF3}.Release|Win32.ActiveCfg = Release|Win32
		{D4879B48-B24A-3F26-980B-C3215A578BF3}.Release|Win32.Build.0 = Release|Win32
		{D4879B48-B24A-3F26-980B-C3215A578BF3}.MinSizeRel|Win32.ActiveCfg = MinSizeRel|Win32
		{D4879B48-B24A-3F26-980B-C3215A578BF3}.MinSizeRel|Win32.Build.0 = MinSizeRel|Win32
		{D4879B48-B24A-3F26-980B-C3215A578BF3}.RelWithDebInfo|Win32.ActiveCfg = RelWithDebInfo|Win32
		{D4879B48-B24A-3F26-980B-C3215A578BF3}.RelWithDebInfo|Win32.Build.0 = RelWithDebInfo|Win32
		{37187B1A-7359-31C4-BB5D-4E6E028D820C}.Debug|Win32.ActiveCfg = Debug|Win32
		{37187B1A-7359-31C4-BB5D-4E6E028D820C}.Debug|Win32.Build.0 = Debug|Win32
		{37187B1A-7359-31C4-BB5D-4E6E028D820C}.Release|Win32.ActiveCfg = Release|Win32
		{37187B1A-7359-31C4-BB5D-4E6E028D820C}.Release|Win32.Build.0 = Release|Win32
		{37187B1A-7359-31C4-BB5D-4E6E028D820C}.MinSizeRel|Win32.ActiveCfg = MinSizeRel|Win32
		{37187B1A-7359-31C4-BB5D-4E6E028D820C}.MinSizeRel|Win32.Build.0 = MinSizeRel|Win32
		{37187B1A-7359-31C4-BB5D-4E6E028D820C}.RelWithDebInfo|Win32.ActiveCfg = RelWithDebInfo|Win32
		{37187B1A-7359-31C4-BB5D-4E6E028D820C}.RelWithDebInfo|Win32.Build.0 = RelWithDebInfo|Win32
	EndGlobalSection
	GlobalSection(NestedProjects) = preSolution
		{9423C1A1-14A3-3EB4-B616-578DECA6B729} = {D105C58B-A147-39D3-B8D5-BB4544BBBA29}
		{0BB24E7D-4597-392E-B074-E85F461ABEA3} = {D105C58B-A147-39D3-B8D5-BB4544BBBA29}
		{14E565A1-7392-3CB6-A323-A7D7115FBECB} = {AD5A4F97-C9BD-3C83-93C9-BC2933B51E8A}
		{E885214F-8E9F-3A1D-BCBD-1B9EF8C6B201} = {AD5A4F97-C9BD-3C83-93C9-BC2933B51E8A}
		{314836D9-0AD2-38E0-9857-CBC3D8317BB0} = {AD5A4F97-C9BD-3C83-93C9-BC2933B51E8A}
		{976EDB81-C9D8-3B31-8C24-297DB7380C53} = {AD5A4F97-C9BD-3C83-93C9-BC2933B51E8A}
		{8C0D6743-5E60-3F77-8962-7942C9FA13A9} = {AD5A4F97-C9BD-3C83-93C9-BC2933B51E8A}
		{F6FCFBC6-A8DF-3BAF-96C0-022E3C5FFCC7} = {AD5A4F97-C9BD-3C83-93C9-BC2933B51E8A}
		{7C514F71-B05C-368D-B479-2D009E37C488} = {AD5A4F97-C9BD-3C83-93C9-BC2933B51E8A}
		{7DBFFE81-23B6-3DD6-ABC3-A99FB701E9CE} = {AD5A4F97-C9BD-3C83-93C9-BC2933B51E8A}
		{20491C15-0DA2-3892-8D07-9919B30A79B7} = {AD5A4F97-C9BD-3C83-93C9-BC2933B51E8A}
		{D4879B48-B24A-3F26-980B-C3215A578BF3} = {AD5A4F97-C9BD-3C83-93C9-BC2933B51E8A}
		{37187B1A-7359-31C4-BB5D-4E6E028D820C} = {AD5A4F97-C9BD-3C83-93C9-BC2933B51E8A}
		{E14619E7-B3ED-378A-9334-582A21EA0466} = {34CA7BB7-F648-35E4-B26B-AC6AC06245EF}
		{BC6BD091-1571-3B22-9C7E-8172966FC7D5} = {E0093B4F-B3DF-3F37-806A-EC55EBF27283}
	EndGlobalSection
	GlobalSection(ExtensibilityGlobals) = postSolution
		SolutionGuid = {FEC2204D-2593-3775-81CC-FA400F99136D}
	EndGlobalSection
	GlobalSection(ExtensibilityAddIns) = postSolution
	EndGlobalSection
EndGlobal
